// !$*UTF8*$!
{
	archiveVersion = 1;
	classes = {
	};
	objectVersion = 50;
	objects = {

/* Begin PBXBuildFile section */
		107C6005239E675B0030E199 /* AdViewController.m in Sources */ = {isa = PBXBuildFile; fileRef = 107C6004239E675B0030E199 /* AdViewController.m */; };
		107C6009239E83E80030E199 /* AdVideoViewController.m in Sources */ = {isa = PBXBuildFile; fileRef = 107C6008239E83E80030E199 /* AdVideoViewController.m */; };
		5837751C237C8330002ED977 /* ColorProvider.m in Sources */ = {isa = PBXBuildFile; fileRef = 5837751B237C8330002ED977 /* ColorProvider.m */; };
		5887BD4823763DCF0063E472 /* AppDelegate.m in Sources */ = {isa = PBXBuildFile; fileRef = 5887BD4723763DCF0063E472 /* AppDelegate.m */; };
		5887BD4B23763DCF0063E472 /* SceneDelegate.m in Sources */ = {isa = PBXBuildFile; fileRef = 5887BD4A23763DCF0063E472 /* SceneDelegate.m */; };
		5887BD4E23763DCF0063E472 /* GameViewController.m in Sources */ = {isa = PBXBuildFile; fileRef = 5887BD4D23763DCF0063E472 /* GameViewController.m */; };
		5887BD5123763DCF0063E472 /* Main.storyboard in Resources */ = {isa = PBXBuildFile; fileRef = 5887BD4F23763DCF0063E472 /* Main.storyboard */; };
		5887BD5323763DD00063E472 /* Assets.xcassets in Resources */ = {isa = PBXBuildFile; fileRef = 5887BD5223763DD00063E472 /* Assets.xcassets */; };
		5887BD5923763DD00063E472 /* main.m in Sources */ = {isa = PBXBuildFile; fileRef = 5887BD5823763DD00063E472 /* main.m */; };
		5887BD6123763E0F0063E472 /* BubbleView.m in Sources */ = {isa = PBXBuildFile; fileRef = 5887BD6023763E0F0063E472 /* BubbleView.m */; };
		5887BD6423763FDE0063E472 /* IndBubble.m in Sources */ = {isa = PBXBuildFile; fileRef = 5887BD6323763FDE0063E472 /* IndBubble.m */; };
		589B47702380B22400609D44 /* UILayoutHelpers.m in Sources */ = {isa = PBXBuildFile; fileRef = 589B476F2380B22400609D44 /* UILayoutHelpers.m */; };
		58BF6A1C237CDF8D00D1836E /* BubbleViewController.m in Sources */ = {isa = PBXBuildFile; fileRef = 58BF6A1B237CDF8D00D1836E /* BubbleViewController.m */; };
		58F7E8E1239E69480067C4E3 /* UISpringButton.m in Sources */ = {isa = PBXBuildFile; fileRef = 58F7E8E0239E69480067C4E3 /* UISpringButton.m */; };
		58F7E8E5239E83CD0067C4E3 /* EmojiProvider.m in Sources */ = {isa = PBXBuildFile; fileRef = 58F7E8E4239E83CD0067C4E3 /* EmojiProvider.m */; };
		58F7E8E9239E9D400067C4E3 /* InterstitialPresenter.m in Sources */ = {isa = PBXBuildFile; fileRef = 58F7E8E8239E9D400067C4E3 /* InterstitialPresenter.m */; };
/* End PBXBuildFile section */

/* Begin PBXFileReference section */
		107C6004239E675B0030E199 /* AdViewController.m */ = {isa = PBXFileReference; lastKnownFileType = sourcecode.c.objc; path = AdViewController.m; sourceTree = "<group>"; };
		107C6006239E67800030E199 /* AdViewController.h */ = {isa = PBXFileReference; lastKnownFileType = sourcecode.c.h; path = AdViewController.h; sourceTree = "<group>"; };
		107C6007239E83E80030E199 /* AdVideoViewController.h */ = {isa = PBXFileReference; lastKnownFileType = sourcecode.c.h; path = AdVideoViewController.h; sourceTree = "<group>"; };
		107C6008239E83E80030E199 /* AdVideoViewController.m */ = {isa = PBXFileReference; lastKnownFileType = sourcecode.c.objc; path = AdVideoViewController.m; sourceTree = "<group>"; };
		5837751A237C831F002ED977 /* ColorProvider.h */ = {isa = PBXFileReference; lastKnownFileType = sourcecode.c.h; path = ColorProvider.h; sourceTree = "<group>"; };
		5837751B237C8330002ED977 /* ColorProvider.m */ = {isa = PBXFileReference; lastKnownFileType = sourcecode.c.objc; path = ColorProvider.m; sourceTree = "<group>"; };
		5887BD4323763DCF0063E472 /* 4x4.app */ = {isa = PBXFileReference; explicitFileType = wrapper.application; includeInIndex = 0; path = 4x4.app; sourceTree = BUILT_PRODUCTS_DIR; };
		5887BD4623763DCF0063E472 /* AppDelegate.h */ = {isa = PBXFileReference; lastKnownFileType = sourcecode.c.h; path = AppDelegate.h; sourceTree = "<group>"; };
		5887BD4723763DCF0063E472 /* AppDelegate.m */ = {isa = PBXFileReference; lastKnownFileType = sourcecode.c.objc; path = AppDelegate.m; sourceTree = "<group>"; };
		5887BD4923763DCF0063E472 /* SceneDelegate.h */ = {isa = PBXFileReference; lastKnownFileType = sourcecode.c.h; path = SceneDelegate.h; sourceTree = "<group>"; };
		5887BD4A23763DCF0063E472 /* SceneDelegate.m */ = {isa = PBXFileReference; lastKnownFileType = sourcecode.c.objc; path = SceneDelegate.m; sourceTree = "<group>"; };
		5887BD4C23763DCF0063E472 /* GameViewController.h */ = {isa = PBXFileReference; lastKnownFileType = sourcecode.c.h; path = GameViewController.h; sourceTree = "<group>"; };
		5887BD4D23763DCF0063E472 /* GameViewController.m */ = {isa = PBXFileReference; lastKnownFileType = sourcecode.c.objc; path = GameViewController.m; sourceTree = "<group>"; };
		5887BD5023763DCF0063E472 /* Base */ = {isa = PBXFileReference; lastKnownFileType = file.storyboard; name = Base; path = Base.lproj/Main.storyboard; sourceTree = "<group>"; };
		5887BD5223763DD00063E472 /* Assets.xcassets */ = {isa = PBXFileReference; lastKnownFileType = folder.assetcatalog; path = Assets.xcassets; sourceTree = "<group>"; };
		5887BD5723763DD00063E472 /* Info.plist */ = {isa = PBXFileReference; lastKnownFileType = text.plist.xml; path = Info.plist; sourceTree = "<group>"; };
		5887BD5823763DD00063E472 /* main.m */ = {isa = PBXFileReference; lastKnownFileType = sourcecode.c.objc; path = main.m; sourceTree = "<group>"; };
		5887BD5F23763E000063E472 /* BubbleView.h */ = {isa = PBXFileReference; lastKnownFileType = sourcecode.c.h; path = BubbleView.h; sourceTree = "<group>"; };
		5887BD6023763E0F0063E472 /* BubbleView.m */ = {isa = PBXFileReference; lastKnownFileType = sourcecode.c.objc; path = BubbleView.m; sourceTree = "<group>"; };
		5887BD6223763FD00063E472 /* IndBubble.h */ = {isa = PBXFileReference; lastKnownFileType = sourcecode.c.h; path = IndBubble.h; sourceTree = "<group>"; };
		5887BD6323763FDE0063E472 /* IndBubble.m */ = {isa = PBXFileReference; lastKnownFileType = sourcecode.c.objc; path = IndBubble.m; sourceTree = "<group>"; };
		589B476E2380B21700609D44 /* UILayoutHelpers.h */ = {isa = PBXFileReference; lastKnownFileType = sourcecode.c.h; path = UILayoutHelpers.h; sourceTree = "<group>"; };
		589B476F2380B22400609D44 /* UILayoutHelpers.m */ = {isa = PBXFileReference; lastKnownFileType = sourcecode.c.objc; path = UILayoutHelpers.m; sourceTree = "<group>"; };
		58BF6A1A237CDF7E00D1836E /* BubbleViewController.h */ = {isa = PBXFileReference; lastKnownFileType = sourcecode.c.h; path = BubbleViewController.h; sourceTree = "<group>"; };
		58BF6A1B237CDF8D00D1836E /* BubbleViewController.m */ = {isa = PBXFileReference; lastKnownFileType = sourcecode.c.objc; path = BubbleViewController.m; sourceTree = "<group>"; };
		58F7E8DF239E693B0067C4E3 /* UISpringButton.h */ = {isa = PBXFileReference; lastKnownFileType = sourcecode.c.h; path = UISpringButton.h; sourceTree = "<group>"; };
		58F7E8E0239E69480067C4E3 /* UISpringButton.m */ = {isa = PBXFileReference; lastKnownFileType = sourcecode.c.objc; path = UISpringButton.m; sourceTree = "<group>"; };
		58F7E8E3239E83BE0067C4E3 /* EmojiProvider.h */ = {isa = PBXFileReference; lastKnownFileType = sourcecode.c.h; path = EmojiProvider.h; sourceTree = "<group>"; };
		58F7E8E4239E83CD0067C4E3 /* EmojiProvider.m */ = {isa = PBXFileReference; lastKnownFileType = sourcecode.c.objc; path = EmojiProvider.m; sourceTree = "<group>"; };
		58F7E8E7239E9D340067C4E3 /* InterstitialPresenter.h */ = {isa = PBXFileReference; lastKnownFileType = sourcecode.c.h; path = InterstitialPresenter.h; sourceTree = "<group>"; };
		58F7E8E8239E9D400067C4E3 /* InterstitialPresenter.m */ = {isa = PBXFileReference; lastKnownFileType = sourcecode.c.objc; path = InterstitialPresenter.m; sourceTree = "<group>"; };
/* End PBXFileReference section */

/* Begin PBXFrameworksBuildPhase section */
		5887BD4023763DCF0063E472 /* Frameworks */ = {
			isa = PBXFrameworksBuildPhase;
			buildActionMask = 2147483647;
			files = (
			);
			runOnlyForDeploymentPostprocessing = 0;
		};
/* End PBXFrameworksBuildPhase section */

/* Begin PBXGroup section */
		5887BD3A23763DCF0063E472 = {
			isa = PBXGroup;
			children = (
				5887BD4523763DCF0063E472 /* 4x4 */,
				5887BD4423763DCF0063E472 /* Products */,
			);
			sourceTree = "<group>";
		};
		5887BD4423763DCF0063E472 /* Products */ = {
			isa = PBXGroup;
			children = (
				5887BD4323763DCF0063E472 /* 4x4.app */,
			);
			name = Products;
			sourceTree = "<group>";
		};
		5887BD4523763DCF0063E472 /* 4x4 */ = {
			isa = PBXGroup;
			children = (
				5887BD4623763DCF0063E472 /* AppDelegate.h */,
				5887BD4723763DCF0063E472 /* AppDelegate.m */,
				5887BD4923763DCF0063E472 /* SceneDelegate.h */,
				5887BD4A23763DCF0063E472 /* SceneDelegate.m */,
				5887BD4C23763DCF0063E472 /* GameViewController.h */,
				5887BD4D23763DCF0063E472 /* GameViewController.m */,
				58F7E8DE239E64B00067C4E3 /* UIHelpers */,
				58BF6A19237CDF6A00D1836E /* BubbleView */,
				5887BD4F23763DCF0063E472 /* Main.storyboard */,
				5887BD5223763DD00063E472 /* Assets.xcassets */,
				5887BD5723763DD00063E472 /* Info.plist */,
				5887BD5823763DD00063E472 /* main.m */,
				58F7E8E6239E9CFD0067C4E3 /* InterstitialPresenter */,
				107C6006239E67800030E199 /* AdViewController.h */,
				107C6004239E675B0030E199 /* AdViewController.m */,
				107C6007239E83E80030E199 /* AdVideoViewController.h */,
				107C6008239E83E80030E199 /* AdVideoViewController.m */,
			);
			path = 4x4;
			sourceTree = "<group>";
		};
		58BF6A18237CDF5800D1836E /* IndBubble */ = {
			isa = PBXGroup;
			children = (
				5887BD6223763FD00063E472 /* IndBubble.h */,
				5887BD6323763FDE0063E472 /* IndBubble.m */,
				58F7E8E3239E83BE0067C4E3 /* EmojiProvider.h */,
				58F7E8E4239E83CD0067C4E3 /* EmojiProvider.m */,
			);
			path = IndBubble;
			sourceTree = "<group>";
		};
		58BF6A19237CDF6A00D1836E /* BubbleView */ = {
			isa = PBXGroup;
			children = (
				58BF6A18237CDF5800D1836E /* IndBubble */,
				5887BD5F23763E000063E472 /* BubbleView.h */,
				5887BD6023763E0F0063E472 /* BubbleView.m */,
				58BF6A1A237CDF7E00D1836E /* BubbleViewController.h */,
				58BF6A1B237CDF8D00D1836E /* BubbleViewController.m */,
			);
			path = BubbleView;
			sourceTree = "<group>";
		};
		58F7E8DE239E64B00067C4E3 /* UIHelpers */ = {
			isa = PBXGroup;
			children = (
				589B476F2380B22400609D44 /* UILayoutHelpers.m */,
				589B476E2380B21700609D44 /* UILayoutHelpers.h */,
				58F7E8DF239E693B0067C4E3 /* UISpringButton.h */,
				58F7E8E0239E69480067C4E3 /* UISpringButton.m */,
				5837751A237C831F002ED977 /* ColorProvider.h */,
				5837751B237C8330002ED977 /* ColorProvider.m */,
			);
			path = UIHelpers;
			sourceTree = "<group>";
		};
		58F7E8E6239E9CFD0067C4E3 /* InterstitialPresenter */ = {
			isa = PBXGroup;
			children = (
				58F7E8E7239E9D340067C4E3 /* InterstitialPresenter.h */,
				58F7E8E8239E9D400067C4E3 /* InterstitialPresenter.m */,
			);
			path = InterstitialPresenter;
			sourceTree = "<group>";
		};
/* End PBXGroup section */

/* Begin PBXNativeTarget section */
		5887BD4223763DCF0063E472 /* 4x4 */ = {
			isa = PBXNativeTarget;
			buildConfigurationList = 5887BD5C23763DD00063E472 /* Build configuration list for PBXNativeTarget "4x4" */;
			buildPhases = (
				5887BD3F23763DCF0063E472 /* Sources */,
				5887BD4023763DCF0063E472 /* Frameworks */,
				5887BD4123763DCF0063E472 /* Resources */,
			);
			buildRules = (
			);
			dependencies = (
			);
			name = 4x4;
			productName = 4x4;
			productReference = 5887BD4323763DCF0063E472 /* 4x4.app */;
			productType = "com.apple.product-type.application";
		};
/* End PBXNativeTarget section */

/* Begin PBXProject section */
		5887BD3B23763DCF0063E472 /* Project object */ = {
			isa = PBXProject;
			attributes = {
				LastUpgradeCheck = 1110;
				ORGANIZATIONNAME = "Nicole Maguire";
				TargetAttributes = {
					5887BD4223763DCF0063E472 = {
						CreatedOnToolsVersion = 11.1;
					};
				};
			};
			buildConfigurationList = 5887BD3E23763DCF0063E472 /* Build configuration list for PBXProject "4x4" */;
			compatibilityVersion = "Xcode 9.3";
			developmentRegion = en;
			hasScannedForEncodings = 0;
			knownRegions = (
				en,
				Base,
			);
			mainGroup = 5887BD3A23763DCF0063E472;
			productRefGroup = 5887BD4423763DCF0063E472 /* Products */;
			projectDirPath = "";
			projectRoot = "";
			targets = (
				5887BD4223763DCF0063E472 /* 4x4 */,
			);
		};
/* End PBXProject section */

/* Begin PBXResourcesBuildPhase section */
		5887BD4123763DCF0063E472 /* Resources */ = {
			isa = PBXResourcesBuildPhase;
			buildActionMask = 2147483647;
			files = (
				5887BD5323763DD00063E472 /* Assets.xcassets in Resources */,
				5887BD5123763DCF0063E472 /* Main.storyboard in Resources */,
			);
			runOnlyForDeploymentPostprocessing = 0;
		};
/* End PBXResourcesBuildPhase section */

/* Begin PBXSourcesBuildPhase section */
		5887BD3F23763DCF0063E472 /* Sources */ = {
			isa = PBXSourcesBuildPhase;
			buildActionMask = 2147483647;
			files = (
				58F7E8E1239E69480067C4E3 /* UISpringButton.m in Sources */,
				5887BD4E23763DCF0063E472 /* GameViewController.m in Sources */,
				589B47702380B22400609D44 /* UILayoutHelpers.m in Sources */,
				58F7E8E5239E83CD0067C4E3 /* EmojiProvider.m in Sources */,
				58F7E8E9239E9D400067C4E3 /* InterstitialPresenter.m in Sources */,
				5837751C237C8330002ED977 /* ColorProvider.m in Sources */,
				107C6005239E675B0030E199 /* AdViewController.m in Sources */,
				5887BD4823763DCF0063E472 /* AppDelegate.m in Sources */,
				5887BD6123763E0F0063E472 /* BubbleView.m in Sources */,
				58BF6A1C237CDF8D00D1836E /* BubbleViewController.m in Sources */,
				5887BD6423763FDE0063E472 /* IndBubble.m in Sources */,
				5887BD5923763DD00063E472 /* main.m in Sources */,
				5887BD4B23763DCF0063E472 /* SceneDelegate.m in Sources */,
				107C6009239E83E80030E199 /* AdVideoViewController.m in Sources */,
			);
			runOnlyForDeploymentPostprocessing = 0;
		};
/* End PBXSourcesBuildPhase section */

/* Begin PBXVariantGroup section */
		5887BD4F23763DCF0063E472 /* Main.storyboard */ = {
			isa = PBXVariantGroup;
			children = (
				5887BD5023763DCF0063E472 /* Base */,
			);
			name = Main.storyboard;
			sourceTree = "<group>";
		};
/* End PBXVariantGroup section */

/* Begin XCBuildConfiguration section */
		5887BD5A23763DD00063E472 /* Debug */ = {
			isa = XCBuildConfiguration;
			buildSettings = {
				ALWAYS_SEARCH_USER_PATHS = NO;
				CLANG_ANALYZER_NONNULL = YES;
				CLANG_ANALYZER_NUMBER_OBJECT_CONVERSION = YES_AGGRESSIVE;
				CLANG_CXX_LANGUAGE_STANDARD = "gnu++14";
				CLANG_CXX_LIBRARY = "libc++";
				CLANG_ENABLE_MODULES = YES;
				CLANG_ENABLE_OBJC_ARC = YES;
				CLANG_ENABLE_OBJC_WEAK = YES;
				CLANG_WARN_BLOCK_CAPTURE_AUTORELEASING = YES;
				CLANG_WARN_BOOL_CONVERSION = YES;
				CLANG_WARN_COMMA = YES;
				CLANG_WARN_CONSTANT_CONVERSION = YES;
				CLANG_WARN_DEPRECATED_OBJC_IMPLEMENTATIONS = YES;
				CLANG_WARN_DIRECT_OBJC_ISA_USAGE = YES_ERROR;
				CLANG_WARN_DOCUMENTATION_COMMENTS = YES;
				CLANG_WARN_EMPTY_BODY = YES;
				CLANG_WARN_ENUM_CONVERSION = YES;
				CLANG_WARN_INFINITE_RECURSION = YES;
				CLANG_WARN_INT_CONVERSION = YES;
				CLANG_WARN_NON_LITERAL_NULL_CONVERSION = YES;
				CLANG_WARN_OBJC_IMPLICIT_RETAIN_SELF = YES;
				CLANG_WARN_OBJC_LITERAL_CONVERSION = YES;
				CLANG_WARN_OBJC_ROOT_CLASS = YES_ERROR;
				CLANG_WARN_RANGE_LOOP_ANALYSIS = YES;
				CLANG_WARN_STRICT_PROTOTYPES = YES;
				CLANG_WARN_SUSPICIOUS_MOVE = YES;
				CLANG_WARN_UNGUARDED_AVAILABILITY = YES_AGGRESSIVE;
				CLANG_WARN_UNREACHABLE_CODE = YES;
				CLANG_WARN__DUPLICATE_METHOD_MATCH = YES;
				COPY_PHASE_STRIP = NO;
				DEBUG_INFORMATION_FORMAT = dwarf;
				ENABLE_STRICT_OBJC_MSGSEND = YES;
				ENABLE_TESTABILITY = YES;
				GCC_C_LANGUAGE_STANDARD = gnu11;
				GCC_DYNAMIC_NO_PIC = NO;
				GCC_NO_COMMON_BLOCKS = YES;
				GCC_OPTIMIZATION_LEVEL = 0;
				GCC_PREPROCESSOR_DEFINITIONS = (
					"DEBUG=1",
					"$(inherited)",
				);
				GCC_WARN_64_TO_32_BIT_CONVERSION = YES;
				GCC_WARN_ABOUT_RETURN_TYPE = YES_ERROR;
				GCC_WARN_UNDECLARED_SELECTOR = YES;
				GCC_WARN_UNINITIALIZED_AUTOS = YES_AGGRESSIVE;
				GCC_WARN_UNUSED_FUNCTION = YES;
				GCC_WARN_UNUSED_VARIABLE = YES;
				IPHONEOS_DEPLOYMENT_TARGET = 13.1;
				MTL_ENABLE_DEBUG_INFO = INCLUDE_SOURCE;
				MTL_FAST_MATH = YES;
				ONLY_ACTIVE_ARCH = YES;
				SDKROOT = iphoneos;
			};
			name = Debug;
		};
		5887BD5B23763DD00063E472 /* Release */ = {
			isa = XCBuildConfiguration;
			buildSettings = {
				ALWAYS_SEARCH_USER_PATHS = NO;
				CLANG_ANALYZER_NONNULL = YES;
				CLANG_ANALYZER_NUMBER_OBJECT_CONVERSION = YES_AGGRESSIVE;
				CLANG_CXX_LANGUAGE_STANDARD = "gnu++14";
				CLANG_CXX_LIBRARY = "libc++";
				CLANG_ENABLE_MODULES = YES;
				CLANG_ENABLE_OBJC_ARC = YES;
				CLANG_ENABLE_OBJC_WEAK = YES;
				CLANG_WARN_BLOCK_CAPTURE_AUTORELEASING = YES;
				CLANG_WARN_BOOL_CONVERSION = YES;
				CLANG_WARN_COMMA = YES;
				CLANG_WARN_CONSTANT_CONVERSION = YES;
				CLANG_WARN_DEPRECATED_OBJC_IMPLEMENTATIONS = YES;
				CLANG_WARN_DIRECT_OBJC_ISA_USAGE = YES_ERROR;
				CLANG_WARN_DOCUMENTATION_COMMENTS = YES;
				CLANG_WARN_EMPTY_BODY = YES;
				CLANG_WARN_ENUM_CONVERSION = YES;
				CLANG_WARN_INFINITE_RECURSION = YES;
				CLANG_WARN_INT_CONVERSION = YES;
				CLANG_WARN_NON_LITERAL_NULL_CONVERSION = YES;
				CLANG_WARN_OBJC_IMPLICIT_RETAIN_SELF = YES;
				CLANG_WARN_OBJC_LITERAL_CONVERSION = YES;
				CLANG_WARN_OBJC_ROOT_CLASS = YES_ERROR;
				CLANG_WARN_RANGE_LOOP_ANALYSIS = YES;
				CLANG_WARN_STRICT_PROTOTYPES = YES;
				CLANG_WARN_SUSPICIOUS_MOVE = YES;
				CLANG_WARN_UNGUARDED_AVAILABILITY = YES_AGGRESSIVE;
				CLANG_WARN_UNREACHABLE_CODE = YES;
				CLANG_WARN__DUPLICATE_METHOD_MATCH = YES;
				COPY_PHASE_STRIP = NO;
				DEBUG_INFORMATION_FORMAT = "dwarf-with-dsym";
				ENABLE_NS_ASSERTIONS = NO;
				ENABLE_STRICT_OBJC_MSGSEND = YES;
				GCC_C_LANGUAGE_STANDARD = gnu11;
				GCC_NO_COMMON_BLOCKS = YES;
				GCC_WARN_64_TO_32_BIT_CONVERSION = YES;
				GCC_WARN_ABOUT_RETURN_TYPE = YES_ERROR;
				GCC_WARN_UNDECLARED_SELECTOR = YES;
				GCC_WARN_UNINITIALIZED_AUTOS = YES_AGGRESSIVE;
				GCC_WARN_UNUSED_FUNCTION = YES;
				GCC_WARN_UNUSED_VARIABLE = YES;
				IPHONEOS_DEPLOYMENT_TARGET = 13.1;
				MTL_ENABLE_DEBUG_INFO = NO;
				MTL_FAST_MATH = YES;
				SDKROOT = iphoneos;
				VALIDATE_PRODUCT = YES;
			};
			name = Release;
		};
		5887BD5D23763DD00063E472 /* Debug */ = {
			isa = XCBuildConfiguration;
			buildSettings = {
				ASSETCATALOG_COMPILER_APPICON_NAME = AppIcon;
				CODE_SIGN_STYLE = Automatic;
				INFOPLIST_FILE = 4x4/Info.plist;
				LD_RUNPATH_SEARCH_PATHS = (
					"$(inherited)",
					"@executable_path/Frameworks",
				);
				PRODUCT_BUNDLE_IDENTIFIER = "nikkicole.-x4";
				PRODUCT_NAME = "$(TARGET_NAME)";
				TARGETED_DEVICE_FAMILY = "1,2";
			};
			name = Debug;
		};
		5887BD5E23763DD00063E472 /* Release */ = {
			isa = XCBuildConfiguration;
			buildSettings = {
				ASSETCATALOG_COMPILER_APPICON_NAME = AppIcon;
				CODE_SIGN_STYLE = Automatic;
				INFOPLIST_FILE = 4x4/Info.plist;
				LD_RUNPATH_SEARCH_PATHS = (
					"$(inherited)",
					"@executable_path/Frameworks",
				);
				PRODUCT_BUNDLE_IDENTIFIER = "nikkicole.-x4";
				PRODUCT_NAME = "$(TARGET_NAME)";
				TARGETED_DEVICE_FAMILY = "1,2";
			};
			name = Release;
		};
/* End XCBuildConfiguration section */

/* Begin XCConfigurationList section */
		5887BD3E23763DCF0063E472 /* Build configuration list for PBXProject "4x4" */ = {
			isa = XCConfigurationList;
			buildConfigurations = (
				5887BD5A23763DD00063E472 /* Debug */,
				5887BD5B23763DD00063E472 /* Release */,
			);
			defaultConfigurationIsVisible = 0;
			defaultConfigurationName = Release;
		};
		5887BD5C23763DD00063E472 /* Build configuration list for PBXNativeTarget "4x4" */ = {
			isa = XCConfigurationList;
			buildConfigurations = (
				5887BD5D23763DD00063E472 /* Debug */,
				5887BD5E23763DD00063E472 /* Release */,
			);
			defaultConfigurationIsVisible = 0;
			defaultConfigurationName = Release;
		};
/* End XCConfigurationList section */
	};
	rootObject = 5887BD3B23763DCF0063E472 /* Project object */;
}
